// !$*UTF8*$!
{
	archiveVersion = 1;
	classes = {
	};
	objectVersion = 50;
	objects = {

/* Begin PBXBuildFile section */
		3D1FA786904F37CEFE800599 /* Pods_TFG.framework in Frameworks */ = {isa = PBXBuildFile; fileRef = 1B230E6B6A4D6A10498989E2 /* Pods_TFG.framework */; };
		5FFC16AD20DE0AAD00B4B6E3 /* RegisterVC.swift in Sources */ = {isa = PBXBuildFile; fileRef = 5FFC16AC20DE0AAD00B4B6E3 /* RegisterVC.swift */; };
		5FFCCE7F20DDDF5D001C9F7B /* AppDelegate.swift in Sources */ = {isa = PBXBuildFile; fileRef = 5FFCCE7E20DDDF5D001C9F7B /* AppDelegate.swift */; };
		5FFCCE8620DDDF60001C9F7B /* Assets.xcassets in Resources */ = {isa = PBXBuildFile; fileRef = 5FFCCE8520DDDF60001C9F7B /* Assets.xcassets */; };
		5FFCCE9520DDDFD8001C9F7B /* Tecnico.swift in Sources */ = {isa = PBXBuildFile; fileRef = 5FFCCE9420DDDFD8001C9F7B /* Tecnico.swift */; };
		5FFCCE9720DDE182001C9F7B /* Empresa.swift in Sources */ = {isa = PBXBuildFile; fileRef = 5FFCCE9620DDE182001C9F7B /* Empresa.swift */; };
		5FFCCE9920DDE487001C9F7B /* GoogleService-Info.plist in Resources */ = {isa = PBXBuildFile; fileRef = 5FFCCE9820DDE487001C9F7B /* GoogleService-Info.plist */; };
		5FFCCE9B20DDE7B1001C9F7B /* WelcomeVC.swift in Sources */ = {isa = PBXBuildFile; fileRef = 5FFCCE9A20DDE7B1001C9F7B /* WelcomeVC.swift */; };
		5FFCCE9D20DDF079001C9F7B /* Launch Screen.storyboard in Resources */ = {isa = PBXBuildFile; fileRef = 5FFCCE9C20DDF079001C9F7B /* Launch Screen.storyboard */; };
		5FFCCEA020DDF570001C9F7B /* Main.storyboard in Resources */ = {isa = PBXBuildFile; fileRef = 5FFCCE9F20DDF570001C9F7B /* Main.storyboard */; };
		5FFCCEA220DE04F3001C9F7B /* LoginVC.swift in Sources */ = {isa = PBXBuildFile; fileRef = 5FFCCEA120DE04F3001C9F7B /* LoginVC.swift */; };
/* End PBXBuildFile section */

/* Begin PBXFileReference section */
		1B230E6B6A4D6A10498989E2 /* Pods_TFG.framework */ = {isa = PBXFileReference; explicitFileType = wrapper.framework; includeInIndex = 0; path = Pods_TFG.framework; sourceTree = BUILT_PRODUCTS_DIR; };
		5FFC16AC20DE0AAD00B4B6E3 /* RegisterVC.swift */ = {isa = PBXFileReference; lastKnownFileType = sourcecode.swift; path = RegisterVC.swift; sourceTree = "<group>"; };
		5FFCCE7B20DDDF5D001C9F7B /* TFG.app */ = {isa = PBXFileReference; explicitFileType = wrapper.application; includeInIndex = 0; path = TFG.app; sourceTree = BUILT_PRODUCTS_DIR; };
		5FFCCE7E20DDDF5D001C9F7B /* AppDelegate.swift */ = {isa = PBXFileReference; lastKnownFileType = sourcecode.swift; path = AppDelegate.swift; sourceTree = "<group>"; };
		5FFCCE8520DDDF60001C9F7B /* Assets.xcassets */ = {isa = PBXFileReference; lastKnownFileType = folder.assetcatalog; path = Assets.xcassets; sourceTree = "<group>"; };
		5FFCCE8A20DDDF60001C9F7B /* Info.plist */ = {isa = PBXFileReference; lastKnownFileType = text.plist.xml; path = Info.plist; sourceTree = "<group>"; };
		5FFCCE9420DDDFD8001C9F7B /* Tecnico.swift */ = {isa = PBXFileReference; lastKnownFileType = sourcecode.swift; path = Tecnico.swift; sourceTree = "<group>"; };
		5FFCCE9620DDE182001C9F7B /* Empresa.swift */ = {isa = PBXFileReference; lastKnownFileType = sourcecode.swift; path = Empresa.swift; sourceTree = "<group>"; };
		5FFCCE9820DDE487001C9F7B /* GoogleService-Info.plist */ = {isa = PBXFileReference; fileEncoding = 4; lastKnownFileType = text.plist.xml; path = "GoogleService-Info.plist"; sourceTree = "<group>"; };
		5FFCCE9A20DDE7B1001C9F7B /* WelcomeVC.swift */ = {isa = PBXFileReference; lastKnownFileType = sourcecode.swift; path = WelcomeVC.swift; sourceTree = "<group>"; };
		5FFCCE9C20DDF079001C9F7B /* Launch Screen.storyboard */ = {isa = PBXFileReference; lastKnownFileType = file.storyboard; path = "Launch Screen.storyboard"; sourceTree = "<group>"; };
		5FFCCE9F20DDF570001C9F7B /* Main.storyboard */ = {isa = PBXFileReference; lastKnownFileType = file.storyboard; path = Main.storyboard; sourceTree = "<group>"; };
		5FFCCEA120DE04F3001C9F7B /* LoginVC.swift */ = {isa = PBXFileReference; lastKnownFileType = sourcecode.swift; path = LoginVC.swift; sourceTree = "<group>"; };
		E231667FB375BC1E214DC33B /* Pods-TFG.release.xcconfig */ = {isa = PBXFileReference; includeInIndex = 1; lastKnownFileType = text.xcconfig; name = "Pods-TFG.release.xcconfig"; path = "Pods/Target Support Files/Pods-TFG/Pods-TFG.release.xcconfig"; sourceTree = "<group>"; };
		E44E77C2BE180757EDF2DB76 /* Pods-TFG.debug.xcconfig */ = {isa = PBXFileReference; includeInIndex = 1; lastKnownFileType = text.xcconfig; name = "Pods-TFG.debug.xcconfig"; path = "Pods/Target Support Files/Pods-TFG/Pods-TFG.debug.xcconfig"; sourceTree = "<group>"; };
/* End PBXFileReference section */

/* Begin PBXFrameworksBuildPhase section */
		5FFCCE7820DDDF5D001C9F7B /* Frameworks */ = {
			isa = PBXFrameworksBuildPhase;
			buildActionMask = 2147483647;
			files = (
				3D1FA786904F37CEFE800599 /* Pods_TFG.framework in Frameworks */,
			);
			runOnlyForDeploymentPostprocessing = 0;
		};
/* End PBXFrameworksBuildPhase section */

/* Begin PBXGroup section */
		0D6729040E083F58B1409B60 /* Pods */ = {
			isa = PBXGroup;
			children = (
				E44E77C2BE180757EDF2DB76 /* Pods-TFG.debug.xcconfig */,
				E231667FB375BC1E214DC33B /* Pods-TFG.release.xcconfig */,
			);
			name = Pods;
			sourceTree = "<group>";
		};
		5C06BDC63542CA3914BE7EBA /* Frameworks */ = {
			isa = PBXGroup;
			children = (
				1B230E6B6A4D6A10498989E2 /* Pods_TFG.framework */,
			);
			name = Frameworks;
			sourceTree = "<group>";
		};
		5FFCCE7220DDDF5D001C9F7B = {
			isa = PBXGroup;
			children = (
				5FFCCE7D20DDDF5D001C9F7B /* TFG */,
				5FFCCE7C20DDDF5D001C9F7B /* Products */,
				0D6729040E083F58B1409B60 /* Pods */,
				5C06BDC63542CA3914BE7EBA /* Frameworks */,
			);
			sourceTree = "<group>";
		};
		5FFCCE7C20DDDF5D001C9F7B /* Products */ = {
			isa = PBXGroup;
			children = (
				5FFCCE7B20DDDF5D001C9F7B /* TFG.app */,
			);
			name = Products;
			sourceTree = "<group>";
		};
		5FFCCE7D20DDDF5D001C9F7B /* TFG */ = {
			isa = PBXGroup;
			children = (
				5FFCCE7E20DDDF5D001C9F7B /* AppDelegate.swift */,
				5FFCCE9320DDDFB0001C9F7B /* Data Model */,
				5FFCCE9220DDDFA5001C9F7B /* Controller */,
				5FFCCE9020DDDF91001C9F7B /* View */,
				5FFCCE9C20DDF079001C9F7B /* Launch Screen.storyboard */,
				5FFCCE8520DDDF60001C9F7B /* Assets.xcassets */,
				5FFCCE8A20DDDF60001C9F7B /* Info.plist */,
				5FFCCE9820DDE487001C9F7B /* GoogleService-Info.plist */,
			);
			path = TFG;
			sourceTree = "<group>";
		};
		5FFCCE9020DDDF91001C9F7B /* View */ = {
			isa = PBXGroup;
			children = (
				5FFCCE9F20DDF570001C9F7B /* Main.storyboard */,
			);
			path = View;
			sourceTree = "<group>";
		};
		5FFCCE9220DDDFA5001C9F7B /* Controller */ = {
			isa = PBXGroup;
			children = (
				5FFCCE9A20DDE7B1001C9F7B /* WelcomeVC.swift */,
				5FFCCEA120DE04F3001C9F7B /* LoginVC.swift */,
				5FFC16AC20DE0AAD00B4B6E3 /* RegisterVC.swift */,
			);
			path = Controller;
			sourceTree = "<group>";
		};
		5FFCCE9320DDDFB0001C9F7B /* Data Model */ = {
			isa = PBXGroup;
			children = (
				5FFCCE9420DDDFD8001C9F7B /* Tecnico.swift */,
				5FFCCE9620DDE182001C9F7B /* Empresa.swift */,
			);
			path = "Data Model";
			sourceTree = "<group>";
		};
/* End PBXGroup section */

/* Begin PBXNativeTarget section */
		5FFCCE7A20DDDF5D001C9F7B /* TFG */ = {
			isa = PBXNativeTarget;
			buildConfigurationList = 5FFCCE8D20DDDF60001C9F7B /* Build configuration list for PBXNativeTarget "TFG" */;
			buildPhases = (
				05BECC48559FFCC0CBF27D25 /* [CP] Check Pods Manifest.lock */,
				5FFCCE7720DDDF5D001C9F7B /* Sources */,
				5FFCCE7820DDDF5D001C9F7B /* Frameworks */,
				5FFCCE7920DDDF5D001C9F7B /* Resources */,
				B76D42DBE6DA555451962F84 /* [CP] Embed Pods Frameworks */,
			);
			buildRules = (
			);
			dependencies = (
			);
			name = TFG;
			productName = TFG;
			productReference = 5FFCCE7B20DDDF5D001C9F7B /* TFG.app */;
			productType = "com.apple.product-type.application";
		};
/* End PBXNativeTarget section */

/* Begin PBXProject section */
		5FFCCE7320DDDF5D001C9F7B /* Project object */ = {
			isa = PBXProject;
			attributes = {
				LastSwiftUpdateCheck = 0940;
				LastUpgradeCheck = 0940;
				ORGANIZATIONNAME = "Onhilda Benítez Gómez";
				TargetAttributes = {
					5FFCCE7A20DDDF5D001C9F7B = {
						CreatedOnToolsVersion = 9.4.1;
					};
				};
			};
			buildConfigurationList = 5FFCCE7620DDDF5D001C9F7B /* Build configuration list for PBXProject "TFG" */;
			compatibilityVersion = "Xcode 9.3";
			developmentRegion = en;
			hasScannedForEncodings = 0;
			knownRegions = (
				en,
				Base,
			);
			mainGroup = 5FFCCE7220DDDF5D001C9F7B;
			productRefGroup = 5FFCCE7C20DDDF5D001C9F7B /* Products */;
			projectDirPath = "";
			projectRoot = "";
			targets = (
				5FFCCE7A20DDDF5D001C9F7B /* TFG */,
			);
		};
/* End PBXProject section */

/* Begin PBXResourcesBuildPhase section */
		5FFCCE7920DDDF5D001C9F7B /* Resources */ = {
			isa = PBXResourcesBuildPhase;
			buildActionMask = 2147483647;
			files = (
				5FFCCEA020DDF570001C9F7B /* Main.storyboard in Resources */,
				5FFCCE9920DDE487001C9F7B /* GoogleService-Info.plist in Resources */,
				5FFCCE8620DDDF60001C9F7B /* Assets.xcassets in Resources */,
				5FFCCE9D20DDF079001C9F7B /* Launch Screen.storyboard in Resources */,
			);
			runOnlyForDeploymentPostprocessing = 0;
		};
/* End PBXResourcesBuildPhase section */

/* Begin PBXShellScriptBuildPhase section */
		05BECC48559FFCC0CBF27D25 /* [CP] Check Pods Manifest.lock */ = {
			isa = PBXShellScriptBuildPhase;
			buildActionMask = 2147483647;
			files = (
			);
			inputPaths = (
				"${PODS_PODFILE_DIR_PATH}/Podfile.lock",
				"${PODS_ROOT}/Manifest.lock",
			);
			name = "[CP] Check Pods Manifest.lock";
			outputPaths = (
				"$(DERIVED_FILE_DIR)/Pods-TFG-checkManifestLockResult.txt",
			);
			runOnlyForDeploymentPostprocessing = 0;
			shellPath = /bin/sh;
			shellScript = "diff \"${PODS_PODFILE_DIR_PATH}/Podfile.lock\" \"${PODS_ROOT}/Manifest.lock\" > /dev/null\nif [ $? != 0 ] ; then\n    # print error to STDERR\n    echo \"error: The sandbox is not in sync with the Podfile.lock. Run 'pod install' or update your CocoaPods installation.\" >&2\n    exit 1\nfi\n# This output is used by Xcode 'outputs' to avoid re-running this script phase.\necho \"SUCCESS\" > \"${SCRIPT_OUTPUT_FILE_0}\"\n";
			showEnvVarsInLog = 0;
		};
		B76D42DBE6DA555451962F84 /* [CP] Embed Pods Frameworks */ = {
			isa = PBXShellScriptBuildPhase;
			buildActionMask = 2147483647;
			files = (
			);
			inputPaths = (
				"${SRCROOT}/Pods/Target Support Files/Pods-TFG/Pods-TFG-frameworks.sh",
				"${BUILT_PRODUCTS_DIR}/GTMSessionFetcher/GTMSessionFetcher.framework",
				"${BUILT_PRODUCTS_DIR}/GoogleToolboxForMac/GoogleToolboxForMac.framework",
				"${BUILT_PRODUCTS_DIR}/Realm/Realm.framework",
				"${BUILT_PRODUCTS_DIR}/RealmSwift/RealmSwift.framework",
				"${BUILT_PRODUCTS_DIR}/SVProgressHUD/SVProgressHUD.framework",
				"${BUILT_PRODUCTS_DIR}/SideMenu/SideMenu.framework",
				"${BUILT_PRODUCTS_DIR}/SlideMenuControllerSwift/SlideMenuControllerSwift.framework",
				"${BUILT_PRODUCTS_DIR}/leveldb-library/leveldb.framework",
				"${BUILT_PRODUCTS_DIR}/nanopb/nanopb.framework",
			);
			name = "[CP] Embed Pods Frameworks";
			outputPaths = (
				"${TARGET_BUILD_DIR}/${FRAMEWORKS_FOLDER_PATH}/GTMSessionFetcher.framework",
				"${TARGET_BUILD_DIR}/${FRAMEWORKS_FOLDER_PATH}/GoogleToolboxForMac.framework",
				"${TARGET_BUILD_DIR}/${FRAMEWORKS_FOLDER_PATH}/Realm.framework",
				"${TARGET_BUILD_DIR}/${FRAMEWORKS_FOLDER_PATH}/RealmSwift.framework",
				"${TARGET_BUILD_DIR}/${FRAMEWORKS_FOLDER_PATH}/SVProgressHUD.framework",
				"${TARGET_BUILD_DIR}/${FRAMEWORKS_FOLDER_PATH}/SideMenu.framework",
				"${TARGET_BUILD_DIR}/${FRAMEWORKS_FOLDER_PATH}/SlideMenuControllerSwift.framework",
				"${TARGET_BUILD_DIR}/${FRAMEWORKS_FOLDER_PATH}/leveldb.framework",
				"${TARGET_BUILD_DIR}/${FRAMEWORKS_FOLDER_PATH}/nanopb.framework",
			);
			runOnlyForDeploymentPostprocessing = 0;
			shellPath = /bin/sh;
			shellScript = "\"${SRCROOT}/Pods/Target Support Files/Pods-TFG/Pods-TFG-frameworks.sh\"\n";
			showEnvVarsInLog = 0;
		};
/* End PBXShellScriptBuildPhase section */

/* Begin PBXSourcesBuildPhase section */
		5FFCCE7720DDDF5D001C9F7B /* Sources */ = {
			isa = PBXSourcesBuildPhase;
			buildActionMask = 2147483647;
			files = (
				5FFCCE9B20DDE7B1001C9F7B /* WelcomeVC.swift in Sources */,
				5FFCCE9720DDE182001C9F7B /* Empresa.swift in Sources */,
				5FFCCE7F20DDDF5D001C9F7B /* AppDelegate.swift in Sources */,
				5FFC16AD20DE0AAD00B4B6E3 /* RegisterVC.swift in Sources */,
				5FFCCE9520DDDFD8001C9F7B /* Tecnico.swift in Sources */,
				5FFCCEA220DE04F3001C9F7B /* LoginVC.swift in Sources */,
			);
			runOnlyForDeploymentPostprocessing = 0;
		};
/* End PBXSourcesBuildPhase section */

/* Begin XCBuildConfiguration section */
		5FFCCE8B20DDDF60001C9F7B /* Debug */ = {
			isa = XCBuildConfiguration;
			buildSettings = {
				ALWAYS_SEARCH_USER_PATHS = NO;
				CLANG_ANALYZER_NONNULL = YES;
				CLANG_ANALYZER_NUMBER_OBJECT_CONVERSION = YES_AGGRESSIVE;
				CLANG_CXX_LANGUAGE_STANDARD = "gnu++14";
				CLANG_CXX_LIBRARY = "libc++";
				CLANG_ENABLE_MODULES = YES;
				CLANG_ENABLE_OBJC_ARC = YES;
				CLANG_ENABLE_OBJC_WEAK = YES;
				CLANG_WARN_BLOCK_CAPTURE_AUTORELEASING = YES;
				CLANG_WARN_BOOL_CONVERSION = YES;
				CLANG_WARN_COMMA = YES;
				CLANG_WARN_CONSTANT_CONVERSION = YES;
				CLANG_WARN_DEPRECATED_OBJC_IMPLEMENTATIONS = YES;
				CLANG_WARN_DIRECT_OBJC_ISA_USAGE = YES_ERROR;
				CLANG_WARN_DOCUMENTATION_COMMENTS = YES;
				CLANG_WARN_EMPTY_BODY = YES;
				CLANG_WARN_ENUM_CONVERSION = YES;
				CLANG_WARN_INFINITE_RECURSION = YES;
				CLANG_WARN_INT_CONVERSION = YES;
				CLANG_WARN_NON_LITERAL_NULL_CONVERSION = YES;
				CLANG_WARN_OBJC_IMPLICIT_RETAIN_SELF = YES;
				CLANG_WARN_OBJC_LITERAL_CONVERSION = YES;
				CLANG_WARN_OBJC_ROOT_CLASS = YES_ERROR;
				CLANG_WARN_RANGE_LOOP_ANALYSIS = YES;
				CLANG_WARN_STRICT_PROTOTYPES = YES;
				CLANG_WARN_SUSPICIOUS_MOVE = YES;
				CLANG_WARN_UNGUARDED_AVAILABILITY = YES_AGGRESSIVE;
				CLANG_WARN_UNREACHABLE_CODE = YES;
				CLANG_WARN__DUPLICATE_METHOD_MATCH = YES;
				CODE_SIGN_IDENTITY = "iPhone Developer";
				COPY_PHASE_STRIP = NO;
				DEBUG_INFORMATION_FORMAT = dwarf;
				ENABLE_STRICT_OBJC_MSGSEND = YES;
				ENABLE_TESTABILITY = YES;
				GCC_C_LANGUAGE_STANDARD = gnu11;
				GCC_DYNAMIC_NO_PIC = NO;
				GCC_NO_COMMON_BLOCKS = YES;
				GCC_OPTIMIZATION_LEVEL = 0;
				GCC_PREPROCESSOR_DEFINITIONS = (
					"DEBUG=1",
					"$(inherited)",
				);
				GCC_WARN_64_TO_32_BIT_CONVERSION = YES;
				GCC_WARN_ABOUT_RETURN_TYPE = YES_ERROR;
				GCC_WARN_UNDECLARED_SELECTOR = YES;
				GCC_WARN_UNINITIALIZED_AUTOS = YES_AGGRESSIVE;
				GCC_WARN_UNUSED_FUNCTION = YES;
				GCC_WARN_UNUSED_VARIABLE = YES;
				IPHONEOS_DEPLOYMENT_TARGET = 11.4;
				MTL_ENABLE_DEBUG_INFO = YES;
				ONLY_ACTIVE_ARCH = YES;
				SDKROOT = iphoneos;
				SWIFT_ACTIVE_COMPILATION_CONDITIONS = DEBUG;
				SWIFT_OPTIMIZATION_LEVEL = "-Onone";
			};
			name = Debug;
		};
		5FFCCE8C20DDDF60001C9F7B /* Release */ = {
			isa = XCBuildConfiguration;
			buildSettings = {
				ALWAYS_SEARCH_USER_PATHS = NO;
				CLANG_ANALYZER_NONNULL = YES;
				CLANG_ANALYZER_NUMBER_OBJECT_CONVERSION = YES_AGGRESSIVE;
				CLANG_CXX_LANGUAGE_STANDARD = "gnu++14";
				CLANG_CXX_LIBRARY = "libc++";
				CLANG_ENABLE_MODULES = YES;
				CLANG_ENABLE_OBJC_ARC = YES;
				CLANG_ENABLE_OBJC_WEAK = YES;
				CLANG_WARN_BLOCK_CAPTURE_AUTORELEASING = YES;
				CLANG_WARN_BOOL_CONVERSION = YES;
				CLANG_WARN_COMMA = YES;
				CLANG_WARN_CONSTANT_CONVERSION = YES;
				CLANG_WARN_DEPRECATED_OBJC_IMPLEMENTATIONS = YES;
				CLANG_WARN_DIRECT_OBJC_ISA_USAGE = YES_ERROR;
				CLANG_WARN_DOCUMENTATION_COMMENTS = YES;
				CLANG_WARN_EMPTY_BODY = YES;
				CLANG_WARN_ENUM_CONVERSION = YES;
				CLANG_WARN_INFINITE_RECURSION = YES;
				CLANG_WARN_INT_CONVERSION = YES;
				CLANG_WARN_NON_LITERAL_NULL_CONVERSION = YES;
				CLANG_WARN_OBJC_IMPLICIT_RETAIN_SELF = YES;
				CLANG_WARN_OBJC_LITERAL_CONVERSION = YES;
				CLANG_WARN_OBJC_ROOT_CLASS = YES_ERROR;
				CLANG_WARN_RANGE_LOOP_ANALYSIS = YES;
				CLANG_WARN_STRICT_PROTOTYPES = YES;
				CLANG_WARN_SUSPICIOUS_MOVE = YES;
				CLANG_WARN_UNGUARDED_AVAILABILITY = YES_AGGRESSIVE;
				CLANG_WARN_UNREACHABLE_CODE = YES;
				CLANG_WARN__DUPLICATE_METHOD_MATCH = YES;
				CODE_SIGN_IDENTITY = "iPhone Developer";
				COPY_PHASE_STRIP = NO;
				DEBUG_INFORMATION_FORMAT = "dwarf-with-dsym";
				ENABLE_NS_ASSERTIONS = NO;
				ENABLE_STRICT_OBJC_MSGSEND = YES;
				GCC_C_LANGUAGE_STANDARD = gnu11;
				GCC_NO_COMMON_BLOCKS = YES;
				GCC_WARN_64_TO_32_BIT_CONVERSION = YES;
				GCC_WARN_ABOUT_RETURN_TYPE = YES_ERROR;
				GCC_WARN_UNDECLARED_SELECTOR = YES;
				GCC_WARN_UNINITIALIZED_AUTOS = YES_AGGRESSIVE;
				GCC_WARN_UNUSED_FUNCTION = YES;
				GCC_WARN_UNUSED_VARIABLE = YES;
				IPHONEOS_DEPLOYMENT_TARGET = 11.4;
				MTL_ENABLE_DEBUG_INFO = NO;
				SDKROOT = iphoneos;
				SWIFT_COMPILATION_MODE = wholemodule;
				SWIFT_OPTIMIZATION_LEVEL = "-O";
				VALIDATE_PRODUCT = YES;
			};
			name = Release;
		};
		5FFCCE8E20DDDF60001C9F7B /* Debug */ = {
			isa = XCBuildConfiguration;
			baseConfigurationReference = E44E77C2BE180757EDF2DB76 /* Pods-TFG.debug.xcconfig */;
			buildSettings = {
				ASSETCATALOG_COMPILER_APPICON_NAME = AppIcon;
				CODE_SIGN_STYLE = Automatic;
				DEVELOPMENT_TEAM = 2A2R8R99G7;
				INFOPLIST_FILE = TFG/Info.plist;
				LD_RUNPATH_SEARCH_PATHS = (
					"$(inherited)",
					"@executable_path/Frameworks",
				);
				PRODUCT_BUNDLE_IDENTIFIER = "com.OnviKa.TFG-ePRL";
				PRODUCT_NAME = "$(TARGET_NAME)";
				SWIFT_VERSION = 4.0;
				TARGETED_DEVICE_FAMILY = "1,2";
			};
			name = Debug;
		};
		5FFCCE8F20DDDF60001C9F7B /* Release */ = {
			isa = XCBuildConfiguration;
			baseConfigurationReference = E231667FB375BC1E214DC33B /* Pods-TFG.release.xcconfig */;
			buildSettings = {
				ASSETCATALOG_COMPILER_APPICON_NAME = AppIcon;
				CODE_SIGN_STYLE = Automatic;
				DEVELOPMENT_TEAM = 2A2R8R99G7;
				INFOPLIST_FILE = TFG/Info.plist;
				LD_RUNPATH_SEARCH_PATHS = (
					"$(inherited)",
					"@executable_path/Frameworks",
				);
				PRODUCT_BUNDLE_IDENTIFIER = "com.OnviKa.TFG-ePRL";
				PRODUCT_NAME = "$(TARGET_NAME)";
				SWIFT_VERSION = 4.0;
				TARGETED_DEVICE_FAMILY = "1,2";
			};
			name = Release;
		};
/* End XCBuildConfiguration section */

/* Begin XCConfigurationList section */
		5FFCCE7620DDDF5D001C9F7B /* Build configuration list for PBXProject "TFG" */ = {
			isa = XCConfigurationList;
			buildConfigurations = (
				5FFCCE8B20DDDF60001C9F7B /* Debug */,
				5FFCCE8C20DDDF60001C9F7B /* Release */,
			);
			defaultConfigurationIsVisible = 0;
			defaultConfigurationName = Release;
		};
		5FFCCE8D20DDDF60001C9F7B /* Build configuration list for PBXNativeTarget "TFG" */ = {
			isa = XCConfigurationList;
			buildConfigurations = (
				5FFCCE8E20DDDF60001C9F7B /* Debug */,
				5FFCCE8F20DDDF60001C9F7B /* Release */,
			);
			defaultConfigurationIsVisible = 0;
			defaultConfigurationName = Release;
		};
/* End XCConfigurationList section */
	};
	rootObject = 5FFCCE7320DDDF5D001C9F7B /* Project object */;
}
